{
  "name": "nativescript-sqlite",
  "version": "1.0.0",
  "lockfileVersion": 1,
  "requires": true,
  "dependencies": {
    "@types/es6-promise": {
      "version": "3.3.0",
      "resolved": "https://registry.npmjs.org/@types/es6-promise/-/es6-promise-3.3.0.tgz",
      "integrity": "sha512-ixCIAEkLUKv9movnHKCzx2rzAJgEnSALDXPrOSSwOjWwXFs0ssSZKan+O2e3FExPPCbX+DfA9NcKsbvLuyUlNA==",
      "dev": true,
      "requires": {
        "es6-promise": "*"
      }
    },
    "es6-promise": {
      "version": "4.2.4",
      "resolved": "https://registry.npmjs.org/es6-promise/-/es6-promise-4.2.4.tgz",
      "integrity": "sha512-/NdNZVJg+uZgtm9eS3O6lrOLYmQag2DjdEXuPaHlZ6RuVqgqaVZfgYCepEIKsLqwdQArOPtC3XzRLqGGfT8KQQ==",
      "dev": true
    },
    "tns-core-modules": {
      "version": "4.1.0",
      "resolved": "https://registry.npmjs.org/tns-core-modules/-/tns-core-modules-4.1.0.tgz",
      "integrity": "sha512-ZTpH7/zHfARrJ+1bPwbBYyqFVQO+2unnygfLW8Bu3clzpTkdwwW++1DS+Qbzw7r84+dzdVPZ7zwEVkjpfAFogw==",
      "dev": true,
      "requires": {
        "tns-core-modules-widgets": "4.1.0"
      }
    },
    "tns-core-modules-widgets": {
      "version": "4.1.0",
      "resolved": "https://registry.npmjs.org/tns-core-modules-widgets/-/tns-core-modules-widgets-4.1.0.tgz",
      "integrity": "sha512-Wft3NCJ/++tAMd6nXqtiihX5gIvK0mAch7ft08cscg//NOkSi1OwZ2rhG8JmLSKeSwjtSPT0mw2/hts/bzuguw==",
      "dev": true
    },
    "typescript": {
      "version": "2.9.1",
      "resolved": "https://registry.npmjs.org/typescript/-/typescript-2.9.1.tgz",
      "integrity": "sha512-h6pM2f/GDchCFlldnriOhs1QHuwbnmj6/v7499eMHqPeW4V2G0elua2eIc2nu8v2NdHV0Gm+tzX83Hr6nUFjQA==",
      "dev": true
    }
  }
}
